
Microsoft Visual Studio Solution File, Format Version 12.00
# Visual Studio Version 17
VisualStudioVersion = 17.14.37411.7 d17.14
MinimumVisualStudioVersion = 10.0.40219.1
Project("{FAE04EC0-301F-11D3-BF4B-00C04F79EFBC}") = "C#_A-Z_Excercises", "C#_A-Z_Excercises\C#_A-Z_Excercises.csproj", "{36F9C699-C9CA-427D-9136-6F09C2B72FE2}"
EndProject
Global
	GlobalSection(SolutionConfigurationPlatforms) = preSolution
		Debug|Any CPU = Debug|Any CPU
		Release|Any CPU = Release|Any CPU
	EndGlobalSection
	GlobalSection(ProjectConfigurationPlatforms) = postSolution
		{36F9C699-C9CA-427D-9136-6F09C2B72FE2}.Debug|Any CPU.ActiveCfg = Debug|Any CPU
		{36F9C699-C9CA-427D-9136-6F09C2B72FE2}.Debug|Any CPU.Build.0 = Debug|Any CPU
		{36F9C699-C9CA-427D-9136-6F09C2B72FE2}.Release|Any CPU.ActiveCfg = Release|Any CPU
		{36F9C699-C9CA-427D-9136-6F09C2B72FE2}.Release|Any CPU.Build.0 = Release|Any CPU
	EndGlobalSection
	GlobalSection(SolutionProperties) = preSolution
		HideSolutionNode = FALSE
	EndGlobalSection
	GlobalSection(ExtensibilityGlobals) = postSolution
		SolutionGuid = {7ACA10B5-FE6C-4849-806E-3250F65F10FD}
	EndGlobalSection
EndGlobal
